
Microsoft Visual Studio Solution File, Format Version 12.00
# Visual Studio Version 17
VisualStudioVersion = 17.3.32825.248
MinimumVisualStudioVersion = 10.0.40219.1
Project("{FAE04EC0-301F-11D3-BF4B-00C04F79EFBC}") = "9-sep-2022 Bhavna Corp Task", "9-sep-2022 Bhavna Corp Task\9-sep-2022 Bhavna Corp Task.csproj", "{BF54000B-86A9-4EED-A9D6-5C790A5800C1}"
EndProject
Global
	GlobalSection(SolutionConfigurationPlatforms) = preSolution
		Debug|Any CPU = Debug|Any CPU
		Release|Any CPU = Release|Any CPU
	EndGlobalSection
	GlobalSection(ProjectConfigurationPlatforms) = postSolution
		{BF54000B-86A9-4EED-A9D6-5C790A5800C1}.Debug|Any CPU.ActiveCfg = Debug|Any CPU
		{BF54000B-86A9-4EED-A9D6-5C790A5800C1}.Debug|Any CPU.Build.0 = Debug|Any CPU
		{BF54000B-86A9-4EED-A9D6-5C790A5800C1}.Release|Any CPU.ActiveCfg = Release|Any CPU
		{BF54000B-86A9-4EED-A9D6-5C790A5800C1}.Release|Any CPU.Build.0 = Release|Any CPU
	EndGlobalSection
	GlobalSection(SolutionProperties) = preSolution
		HideSolutionNode = FALSE
	EndGlobalSection
	GlobalSection(ExtensibilityGlobals) = postSolution
		SolutionGuid = {72AB128D-CF96-43CD-BCF6-546625728F16}
	EndGlobalSection
EndGlobal
